// !$*UTF8*$!
{
	archiveVersion = 1;
	classes = {
	};
	objectVersion = 46;
	objects = {

/* Begin PBXBuildFile section */
		4814C67E1D884DE100B8A9DB /* ZYHChannelItemCell.m in Sources */ = {isa = PBXBuildFile; fileRef = 4814C67D1D884DE100B8A9DB /* ZYHChannelItemCell.m */; };
		4814C6831D885F1500B8A9DB /* UCTNetwork.m in Sources */ = {isa = PBXBuildFile; fileRef = 4814C6821D885F1500B8A9DB /* UCTNetwork.m */; };
		483F93041D8994EE00F978DC /* NewsService.m in Sources */ = {isa = PBXBuildFile; fileRef = 483F93031D8994EE00F978DC /* NewsService.m */; };
		4846E2E51D8D791C000B746E /* NetworkManager.m in Sources */ = {isa = PBXBuildFile; fileRef = 4846E2E41D8D791C000B746E /* NetworkManager.m */; };
		484A903F1D86FBA7002E36B4 /* main.m in Sources */ = {isa = PBXBuildFile; fileRef = 484A903E1D86FBA7002E36B4 /* main.m */; };
		484A90421D86FBA7002E36B4 /* AppDelegate.m in Sources */ = {isa = PBXBuildFile; fileRef = 484A90411D86FBA7002E36B4 /* AppDelegate.m */; };
		484A90451D86FBA7002E36B4 /* ViewController.m in Sources */ = {isa = PBXBuildFile; fileRef = 484A90441D86FBA7002E36B4 /* ViewController.m */; };
		484A90481D86FBA7002E36B4 /* Main.storyboard in Resources */ = {isa = PBXBuildFile; fileRef = 484A90461D86FBA7002E36B4 /* Main.storyboard */; };
		484A904A1D86FBA7002E36B4 /* Assets.xcassets in Resources */ = {isa = PBXBuildFile; fileRef = 484A90491D86FBA7002E36B4 /* Assets.xcassets */; };
		484A904D1D86FBA7002E36B4 /* LaunchScreen.storyboard in Resources */ = {isa = PBXBuildFile; fileRef = 484A904B1D86FBA7002E36B4 /* LaunchScreen.storyboard */; };
		484A90581D86FBA7002E36B4 /* UCToutiaoCloneTests.m in Sources */ = {isa = PBXBuildFile; fileRef = 484A90571D86FBA7002E36B4 /* UCToutiaoCloneTests.m */; };
		484C3A6A1D92D2DC000D9161 /* ZYHArticleDateFormatter.m in Sources */ = {isa = PBXBuildFile; fileRef = 484C3A691D92D2DC000D9161 /* ZYHArticleDateFormatter.m */; };
		486D48861DAA4D6300B516E0 /* UCTSubscribeTabBarItem.m in Sources */ = {isa = PBXBuildFile; fileRef = 486D48851DAA4D6300B516E0 /* UCTSubscribeTabBarItem.m */; };
		48B4201A1DA8CC2500FD13CF /* UCTTabBarController.m in Sources */ = {isa = PBXBuildFile; fileRef = 48B420191DA8CC2500FD13CF /* UCTTabBarController.m */; };
		48B4201D1DA8DE6900FD13CF /* UIView+Utils.m in Sources */ = {isa = PBXBuildFile; fileRef = 48B4201C1DA8DE6900FD13CF /* UIView+Utils.m */; };
		552887951D87FCBD0035B4A8 /* ZYNavChannelView.m in Sources */ = {isa = PBXBuildFile; fileRef = 552887941D87FCBD0035B4A8 /* ZYNavChannelView.m */; };
		5528879B1D87FD750035B4A8 /* MainHomeController.m in Sources */ = {isa = PBXBuildFile; fileRef = 552887981D87FD750035B4A8 /* MainHomeController.m */; };
		5528879C1D87FD750035B4A8 /* ZYHPageTableViewController.m in Sources */ = {isa = PBXBuildFile; fileRef = 5528879A1D87FD750035B4A8 /* ZYHPageTableViewController.m */; };
		5538EA1B1D9D128D00717199 /* UCTWeatherAnimatedView.m in Sources */ = {isa = PBXBuildFile; fileRef = 5538EA1A1D9D128D00717199 /* UCTWeatherAnimatedView.m */; };
		553A45901D93844E0058FCDD /* SingleImgNewsCollectionViewCell.m in Sources */ = {isa = PBXBuildFile; fileRef = 553A45871D93844E0058FCDD /* SingleImgNewsCollectionViewCell.m */; };
		553A45911D93844E0058FCDD /* SingleTitleNewsCollectionViewCell.m in Sources */ = {isa = PBXBuildFile; fileRef = 553A45891D93844E0058FCDD /* SingleTitleNewsCollectionViewCell.m */; };
		553A45921D93844E0058FCDD /* SpecialNewsCollectionViewCell.m in Sources */ = {isa = PBXBuildFile; fileRef = 553A458B1D93844E0058FCDD /* SpecialNewsCollectionViewCell.m */; };
		553A45931D93844E0058FCDD /* ThreeImgNewsCollectionViewCell.m in Sources */ = {isa = PBXBuildFile; fileRef = 553A458D1D93844E0058FCDD /* ThreeImgNewsCollectionViewCell.m */; };
		553A45941D93844E0058FCDD /* UCTNewsCollectionViewCell.m in Sources */ = {isa = PBXBuildFile; fileRef = 553A458F1D93844E0058FCDD /* UCTNewsCollectionViewCell.m */; };
		554B63DC1D8E8354003C3797 /* channelPagePlaceholder@2x.png in Resources */ = {isa = PBXBuildFile; fileRef = 554B63DB1D8E8354003C3797 /* channelPagePlaceholder@2x.png */; };
		554B63DF1D8EA1D2003C3797 /* ZYHArticleModel.m in Sources */ = {isa = PBXBuildFile; fileRef = 554B63DE1D8EA1D2003C3797 /* ZYHArticleModel.m */; };
		558D16FD1D892CE3008FC971 /* UCTNetworkManager.m in Sources */ = {isa = PBXBuildFile; fileRef = 558D16FC1D892CE3008FC971 /* UCTNetworkManager.m */; };
		558D17001D894CBC008FC971 /* UCTCollectionViewCell.m in Sources */ = {isa = PBXBuildFile; fileRef = 558D16FF1D894CBC008FC971 /* UCTCollectionViewCell.m */; };
		558D17041D894DF2008FC971 /* UIColor+hexColor.m in Sources */ = {isa = PBXBuildFile; fileRef = 558D17031D894DF2008FC971 /* UIColor+hexColor.m */; };
		558D17091D895170008FC971 /* ZYHChannelModel.m in Sources */ = {isa = PBXBuildFile; fileRef = 558D17081D895170008FC971 /* ZYHChannelModel.m */; };
		55967F261D9922DB0034E1D8 /* UCTClipAnimatedView.m in Sources */ = {isa = PBXBuildFile; fileRef = 55967F251D9922DB0034E1D8 /* UCTClipAnimatedView.m */; };
		55B83A4C1D8FCFCD00626DFF /* UCTTableViewCell.m in Sources */ = {isa = PBXBuildFile; fileRef = 55B83A4B1D8FCFCD00626DFF /* UCTTableViewCell.m */; };
		55B873971D938F2F0041EE34 /* UCTHomeSearchBar.m in Sources */ = {isa = PBXBuildFile; fileRef = 55B873961D938F2F0041EE34 /* UCTHomeSearchBar.m */; };
		55B8739A1D9390010041EE34 /* UCTHomeSearchRefreshView.m in Sources */ = {isa = PBXBuildFile; fileRef = 55B873991D9390010041EE34 /* UCTHomeSearchRefreshView.m */; };
		55B8739D1D93DD250041EE34 /* UICollectionView+Bounds.m in Sources */ = {isa = PBXBuildFile; fileRef = 55B8739C1D93DD250041EE34 /* UICollectionView+Bounds.m */; };
		55F8C1561D9E3FDB008149DD /* UCTOPMarkView.m in Sources */ = {isa = PBXBuildFile; fileRef = 55F8C1551D9E3FDB008149DD /* UCTOPMarkView.m */; };
		55F8C15A1D9E5EB4008149DD /* UCTAnimTabBarItem.m in Sources */ = {isa = PBXBuildFile; fileRef = 55F8C1591D9E5EB4008149DD /* UCTAnimTabBarItem.m */; };
		55F8C15D1D9E5EF3008149DD /* UCTHomeTabBarItem.m in Sources */ = {isa = PBXBuildFile; fileRef = 55F8C15C1D9E5EF3008149DD /* UCTHomeTabBarItem.m */; };
		55F9C8141D928D5D0057D39A /* ZYHPageCollectionViewController.m in Sources */ = {isa = PBXBuildFile; fileRef = 55F9C8131D928D5D0057D39A /* ZYHPageCollectionViewController.m */; };
		D57CAC2C99260564CE18C161 /* libPods-UCToutiaoClone.a in Frameworks */ = {isa = PBXBuildFile; fileRef = 3BBB290D771C115EB6F6F387 /* libPods-UCToutiaoClone.a */; };
/* End PBXBuildFile section */

/* Begin PBXContainerItemProxy section */
		484A90541D86FBA7002E36B4 /* PBXContainerItemProxy */ = {
			isa = PBXContainerItemProxy;
			containerPortal = 484A90321D86FBA7002E36B4 /* Project object */;
			proxyType = 1;
			remoteGlobalIDString = 484A90391D86FBA7002E36B4;
			remoteInfo = UCToutiaoClone;
		};
/* End PBXContainerItemProxy section */

/* Begin PBXFileReference section */
		3BBB290D771C115EB6F6F387 /* libPods-UCToutiaoClone.a */ = {isa = PBXFileReference; explicitFileType = archive.ar; includeInIndex = 0; path = "libPods-UCToutiaoClone.a"; sourceTree = BUILT_PRODUCTS_DIR; };
		3CFF16036A680DB793518E26 /* Pods-UCToutiaoClone.debug.xcconfig */ = {isa = PBXFileReference; includeInIndex = 1; lastKnownFileType = text.xcconfig; name = "Pods-UCToutiaoClone.debug.xcconfig"; path = "Pods/Target Support Files/Pods-UCToutiaoClone/Pods-UCToutiaoClone.debug.xcconfig"; sourceTree = "<group>"; };
		4814C67C1D884DE100B8A9DB /* ZYHChannelItemCell.h */ = {isa = PBXFileReference; fileEncoding = 4; lastKnownFileType = sourcecode.c.h; name = ZYHChannelItemCell.h; path = UCToutiaoClone/View/ZYHChannelItemCell.h; sourceTree = SOURCE_ROOT; };
		4814C67D1D884DE100B8A9DB /* ZYHChannelItemCell.m */ = {isa = PBXFileReference; fileEncoding = 4; lastKnownFileType = sourcecode.c.objc; name = ZYHChannelItemCell.m; path = UCToutiaoClone/View/ZYHChannelItemCell.m; sourceTree = SOURCE_ROOT; };
		4814C6811D885F1500B8A9DB /* UCTNetwork.h */ = {isa = PBXFileReference; fileEncoding = 4; lastKnownFileType = sourcecode.c.h; path = UCTNetwork.h; sourceTree = "<group>"; };
		4814C6821D885F1500B8A9DB /* UCTNetwork.m */ = {isa = PBXFileReference; fileEncoding = 4; lastKnownFileType = sourcecode.c.objc; path = UCTNetwork.m; sourceTree = "<group>"; };
		483F93021D8994EE00F978DC /* NewsService.h */ = {isa = PBXFileReference; fileEncoding = 4; lastKnownFileType = sourcecode.c.h; path = NewsService.h; sourceTree = "<group>"; };
		483F93031D8994EE00F978DC /* NewsService.m */ = {isa = PBXFileReference; fileEncoding = 4; lastKnownFileType = sourcecode.c.objc; path = NewsService.m; sourceTree = "<group>"; };
		4846E2E31D8D791C000B746E /* NetworkManager.h */ = {isa = PBXFileReference; fileEncoding = 4; lastKnownFileType = sourcecode.c.h; path = NetworkManager.h; sourceTree = "<group>"; };
		4846E2E41D8D791C000B746E /* NetworkManager.m */ = {isa = PBXFileReference; fileEncoding = 4; lastKnownFileType = sourcecode.c.objc; path = NetworkManager.m; sourceTree = "<group>"; };
		484A903A1D86FBA7002E36B4 /* UCToutiaoClone.app */ = {isa = PBXFileReference; explicitFileType = wrapper.application; includeInIndex = 0; path = UCToutiaoClone.app; sourceTree = BUILT_PRODUCTS_DIR; };
		484A903E1D86FBA7002E36B4 /* main.m */ = {isa = PBXFileReference; lastKnownFileType = sourcecode.c.objc; path = main.m; sourceTree = "<group>"; };
		484A90401D86FBA7002E36B4 /* AppDelegate.h */ = {isa = PBXFileReference; lastKnownFileType = sourcecode.c.h; path = AppDelegate.h; sourceTree = "<group>"; };
		484A90411D86FBA7002E36B4 /* AppDelegate.m */ = {isa = PBXFileReference; lastKnownFileType = sourcecode.c.objc; path = AppDelegate.m; sourceTree = "<group>"; };
		484A90431D86FBA7002E36B4 /* ViewController.h */ = {isa = PBXFileReference; lastKnownFileType = sourcecode.c.h; path = ViewController.h; sourceTree = "<group>"; };
		484A90441D86FBA7002E36B4 /* ViewController.m */ = {isa = PBXFileReference; lastKnownFileType = sourcecode.c.objc; path = ViewController.m; sourceTree = "<group>"; };
		484A90471D86FBA7002E36B4 /* Base */ = {isa = PBXFileReference; lastKnownFileType = file.storyboard; name = Base; path = Base.lproj/Main.storyboard; sourceTree = "<group>"; };
		484A90491D86FBA7002E36B4 /* Assets.xcassets */ = {isa = PBXFileReference; lastKnownFileType = folder.assetcatalog; path = Assets.xcassets; sourceTree = "<group>"; };
		484A904C1D86FBA7002E36B4 /* Base */ = {isa = PBXFileReference; lastKnownFileType = file.storyboard; name = Base; path = Base.lproj/LaunchScreen.storyboard; sourceTree = "<group>"; };
		484A904E1D86FBA7002E36B4 /* Info.plist */ = {isa = PBXFileReference; lastKnownFileType = text.plist.xml; path = Info.plist; sourceTree = "<group>"; };
		484A90531D86FBA7002E36B4 /* UCToutiaoCloneTests.xctest */ = {isa = PBXFileReference; explicitFileType = wrapper.cfbundle; includeInIndex = 0; path = UCToutiaoCloneTests.xctest; sourceTree = BUILT_PRODUCTS_DIR; };
		484A90571D86FBA7002E36B4 /* UCToutiaoCloneTests.m */ = {isa = PBXFileReference; lastKnownFileType = sourcecode.c.objc; path = UCToutiaoCloneTests.m; sourceTree = "<group>"; };
		484A90591D86FBA7002E36B4 /* Info.plist */ = {isa = PBXFileReference; lastKnownFileType = text.plist.xml; path = Info.plist; sourceTree = "<group>"; };
		484C3A681D92D2DC000D9161 /* ZYHArticleDateFormatter.h */ = {isa = PBXFileReference; fileEncoding = 4; lastKnownFileType = sourcecode.c.h; path = ZYHArticleDateFormatter.h; sourceTree = "<group>"; };
		484C3A691D92D2DC000D9161 /* ZYHArticleDateFormatter.m */ = {isa = PBXFileReference; fileEncoding = 4; lastKnownFileType = sourcecode.c.objc; path = ZYHArticleDateFormatter.m; sourceTree = "<group>"; };
		486D48841DAA4D6300B516E0 /* UCTSubscribeTabBarItem.h */ = {isa = PBXFileReference; fileEncoding = 4; lastKnownFileType = sourcecode.c.h; path = UCTSubscribeTabBarItem.h; sourceTree = "<group>"; };
		486D48851DAA4D6300B516E0 /* UCTSubscribeTabBarItem.m */ = {isa = PBXFileReference; fileEncoding = 4; lastKnownFileType = sourcecode.c.objc; path = UCTSubscribeTabBarItem.m; sourceTree = "<group>"; };
		48B420181DA8CC2500FD13CF /* UCTTabBarController.h */ = {isa = PBXFileReference; fileEncoding = 4; lastKnownFileType = sourcecode.c.h; path = UCTTabBarController.h; sourceTree = "<group>"; };
		48B420191DA8CC2500FD13CF /* UCTTabBarController.m */ = {isa = PBXFileReference; fileEncoding = 4; lastKnownFileType = sourcecode.c.objc; path = UCTTabBarController.m; sourceTree = "<group>"; };
		48B4201B1DA8DE6900FD13CF /* UIView+Utils.h */ = {isa = PBXFileReference; fileEncoding = 4; lastKnownFileType = sourcecode.c.h; path = "UIView+Utils.h"; sourceTree = "<group>"; };
		48B4201C1DA8DE6900FD13CF /* UIView+Utils.m */ = {isa = PBXFileReference; fileEncoding = 4; lastKnownFileType = sourcecode.c.objc; path = "UIView+Utils.m"; sourceTree = "<group>"; };
		52AC275F93386EC1FB9AFE09 /* Pods-UCToutiaoClone.release.xcconfig */ = {isa = PBXFileReference; includeInIndex = 1; lastKnownFileType = text.xcconfig; name = "Pods-UCToutiaoClone.release.xcconfig"; path = "Pods/Target Support Files/Pods-UCToutiaoClone/Pods-UCToutiaoClone.release.xcconfig"; sourceTree = "<group>"; };
		552887931D87FCBD0035B4A8 /* ZYNavChannelView.h */ = {isa = PBXFileReference; fileEncoding = 4; lastKnownFileType = sourcecode.c.h; path = ZYNavChannelView.h; sourceTree = "<group>"; };
		552887941D87FCBD0035B4A8 /* ZYNavChannelView.m */ = {isa = PBXFileReference; fileEncoding = 4; lastKnownFileType = sourcecode.c.objc; path = ZYNavChannelView.m; sourceTree = "<group>"; };
		552887971D87FD750035B4A8 /* MainHomeController.h */ = {isa = PBXFileReference; fileEncoding = 4; lastKnownFileType = sourcecode.c.h; path = MainHomeController.h; sourceTree = "<group>"; };
		552887981D87FD750035B4A8 /* MainHomeController.m */ = {isa = PBXFileReference; fileEncoding = 4; lastKnownFileType = sourcecode.c.objc; path = MainHomeController.m; sourceTree = "<group>"; };
		552887991D87FD750035B4A8 /* ZYHPageTableViewController.h */ = {isa = PBXFileReference; fileEncoding = 4; lastKnownFileType = sourcecode.c.h; path = ZYHPageTableViewController.h; sourceTree = "<group>"; };
		5528879A1D87FD750035B4A8 /* ZYHPageTableViewController.m */ = {isa = PBXFileReference; fileEncoding = 4; lastKnownFileType = sourcecode.c.objc; path = ZYHPageTableViewController.m; sourceTree = "<group>"; };
		5538EA191D9D128D00717199 /* UCTWeatherAnimatedView.h */ = {isa = PBXFileReference; fileEncoding = 4; lastKnownFileType = sourcecode.c.h; path = UCTWeatherAnimatedView.h; sourceTree = "<group>"; };
		5538EA1A1D9D128D00717199 /* UCTWeatherAnimatedView.m */ = {isa = PBXFileReference; fileEncoding = 4; lastKnownFileType = sourcecode.c.objc; path = UCTWeatherAnimatedView.m; sourceTree = "<group>"; };
		553A45861D93844E0058FCDD /* SingleImgNewsCollectionViewCell.h */ = {isa = PBXFileReference; fileEncoding = 4; lastKnownFileType = sourcecode.c.h; path = SingleImgNewsCollectionViewCell.h; sourceTree = "<group>"; };
		553A45871D93844E0058FCDD /* SingleImgNewsCollectionViewCell.m */ = {isa = PBXFileReference; fileEncoding = 4; lastKnownFileType = sourcecode.c.objc; path = SingleImgNewsCollectionViewCell.m; sourceTree = "<group>"; };
		553A45881D93844E0058FCDD /* SingleTitleNewsCollectionViewCell.h */ = {isa = PBXFileReference; fileEncoding = 4; lastKnownFileType = sourcecode.c.h; path = SingleTitleNewsCollectionViewCell.h; sourceTree = "<group>"; };
		553A45891D93844E0058FCDD /* SingleTitleNewsCollectionViewCell.m */ = {isa = PBXFileReference; fileEncoding = 4; lastKnownFileType = sourcecode.c.objc; path = SingleTitleNewsCollectionViewCell.m; sourceTree = "<group>"; };
		553A458A1D93844E0058FCDD /* SpecialNewsCollectionViewCell.h */ = {isa = PBXFileReference; fileEncoding = 4; lastKnownFileType = sourcecode.c.h; path = SpecialNewsCollectionViewCell.h; sourceTree = "<group>"; };
		553A458B1D93844E0058FCDD /* SpecialNewsCollectionViewCell.m */ = {isa = PBXFileReference; fileEncoding = 4; lastKnownFileType = sourcecode.c.objc; path = SpecialNewsCollectionViewCell.m; sourceTree = "<group>"; };
		553A458C1D93844E0058FCDD /* ThreeImgNewsCollectionViewCell.h */ = {isa = PBXFileReference; fileEncoding = 4; lastKnownFileType = sourcecode.c.h; path = ThreeImgNewsCollectionViewCell.h; sourceTree = "<group>"; };
		553A458D1D93844E0058FCDD /* ThreeImgNewsCollectionViewCell.m */ = {isa = PBXFileReference; fileEncoding = 4; lastKnownFileType = sourcecode.c.objc; path = ThreeImgNewsCollectionViewCell.m; sourceTree = "<group>"; };
		553A458E1D93844E0058FCDD /* UCTNewsCollectionViewCell.h */ = {isa = PBXFileReference; fileEncoding = 4; lastKnownFileType = sourcecode.c.h; path = UCTNewsCollectionViewCell.h; sourceTree = "<group>"; };
		553A458F1D93844E0058FCDD /* UCTNewsCollectionViewCell.m */ = {isa = PBXFileReference; fileEncoding = 4; lastKnownFileType = sourcecode.c.objc; path = UCTNewsCollectionViewCell.m; sourceTree = "<group>"; };
		554B63DB1D8E8354003C3797 /* channelPagePlaceholder@2x.png */ = {isa = PBXFileReference; lastKnownFileType = image.png; path = "channelPagePlaceholder@2x.png"; sourceTree = "<group>"; };
		554B63DD1D8EA1D2003C3797 /* ZYHArticleModel.h */ = {isa = PBXFileReference; fileEncoding = 4; lastKnownFileType = sourcecode.c.h; path = ZYHArticleModel.h; sourceTree = "<group>"; };
		554B63DE1D8EA1D2003C3797 /* ZYHArticleModel.m */ = {isa = PBXFileReference; fileEncoding = 4; lastKnownFileType = sourcecode.c.objc; path = ZYHArticleModel.m; sourceTree = "<group>"; };
		558D16FB1D892CE3008FC971 /* UCTNetworkManager.h */ = {isa = PBXFileReference; fileEncoding = 4; lastKnownFileType = sourcecode.c.h; path = UCTNetworkManager.h; sourceTree = "<group>"; };
		558D16FC1D892CE3008FC971 /* UCTNetworkManager.m */ = {isa = PBXFileReference; fileEncoding = 4; lastKnownFileType = sourcecode.c.objc; path = UCTNetworkManager.m; sourceTree = "<group>"; };
		558D16FE1D894CBC008FC971 /* UCTCollectionViewCell.h */ = {isa = PBXFileReference; fileEncoding = 4; lastKnownFileType = sourcecode.c.h; path = UCTCollectionViewCell.h; sourceTree = "<group>"; };
		558D16FF1D894CBC008FC971 /* UCTCollectionViewCell.m */ = {isa = PBXFileReference; fileEncoding = 4; lastKnownFileType = sourcecode.c.objc; path = UCTCollectionViewCell.m; sourceTree = "<group>"; };
		558D17021D894DF2008FC971 /* UIColor+hexColor.h */ = {isa = PBXFileReference; fileEncoding = 4; lastKnownFileType = sourcecode.c.h; path = "UIColor+hexColor.h"; sourceTree = "<group>"; };
		558D17031D894DF2008FC971 /* UIColor+hexColor.m */ = {isa = PBXFileReference; fileEncoding = 4; lastKnownFileType = sourcecode.c.objc; path = "UIColor+hexColor.m"; sourceTree = "<group>"; };
		558D17071D895170008FC971 /* ZYHChannelModel.h */ = {isa = PBXFileReference; fileEncoding = 4; lastKnownFileType = sourcecode.c.h; path = ZYHChannelModel.h; sourceTree = "<group>"; };
		558D17081D895170008FC971 /* ZYHChannelModel.m */ = {isa = PBXFileReference; fileEncoding = 4; lastKnownFileType = sourcecode.c.objc; path = ZYHChannelModel.m; sourceTree = "<group>"; };
		55967F241D9922DB0034E1D8 /* UCTClipAnimatedView.h */ = {isa = PBXFileReference; fileEncoding = 4; lastKnownFileType = sourcecode.c.h; path = UCTClipAnimatedView.h; sourceTree = "<group>"; };
		55967F251D9922DB0034E1D8 /* UCTClipAnimatedView.m */ = {isa = PBXFileReference; fileEncoding = 4; lastKnownFileType = sourcecode.c.objc; path = UCTClipAnimatedView.m; sourceTree = "<group>"; };
		55B83A4A1D8FCFCD00626DFF /* UCTTableViewCell.h */ = {isa = PBXFileReference; fileEncoding = 4; lastKnownFileType = sourcecode.c.h; path = UCTTableViewCell.h; sourceTree = "<group>"; };
		55B83A4B1D8FCFCD00626DFF /* UCTTableViewCell.m */ = {isa = PBXFileReference; fileEncoding = 4; lastKnownFileType = sourcecode.c.objc; path = UCTTableViewCell.m; sourceTree = "<group>"; };
		55B873951D938F2F0041EE34 /* UCTHomeSearchBar.h */ = {isa = PBXFileReference; fileEncoding = 4; lastKnownFileType = sourcecode.c.h; path = UCTHomeSearchBar.h; sourceTree = "<group>"; };
		55B873961D938F2F0041EE34 /* UCTHomeSearchBar.m */ = {isa = PBXFileReference; fileEncoding = 4; lastKnownFileType = sourcecode.c.objc; path = UCTHomeSearchBar.m; sourceTree = "<group>"; };
		55B873981D9390010041EE34 /* UCTHomeSearchRefreshView.h */ = {isa = PBXFileReference; fileEncoding = 4; lastKnownFileType = sourcecode.c.h; path = UCTHomeSearchRefreshView.h; sourceTree = "<group>"; };
		55B873991D9390010041EE34 /* UCTHomeSearchRefreshView.m */ = {isa = PBXFileReference; fileEncoding = 4; lastKnownFileType = sourcecode.c.objc; path = UCTHomeSearchRefreshView.m; sourceTree = "<group>"; };
		55B8739B1D93DD250041EE34 /* UICollectionView+Bounds.h */ = {isa = PBXFileReference; fileEncoding = 4; lastKnownFileType = sourcecode.c.h; path = "UICollectionView+Bounds.h"; sourceTree = "<group>"; };
		55B8739C1D93DD250041EE34 /* UICollectionView+Bounds.m */ = {isa = PBXFileReference; fileEncoding = 4; lastKnownFileType = sourcecode.c.objc; path = "UICollectionView+Bounds.m"; sourceTree = "<group>"; };
		55F8C1541D9E3FDB008149DD /* UCTOPMarkView.h */ = {isa = PBXFileReference; fileEncoding = 4; lastKnownFileType = sourcecode.c.h; path = UCTOPMarkView.h; sourceTree = "<group>"; };
		55F8C1551D9E3FDB008149DD /* UCTOPMarkView.m */ = {isa = PBXFileReference; fileEncoding = 4; lastKnownFileType = sourcecode.c.objc; path = UCTOPMarkView.m; sourceTree = "<group>"; };
		55F8C1581D9E5EB4008149DD /* UCTAnimTabBarItem.h */ = {isa = PBXFileReference; fileEncoding = 4; lastKnownFileType = sourcecode.c.h; path = UCTAnimTabBarItem.h; sourceTree = "<group>"; };
		55F8C1591D9E5EB4008149DD /* UCTAnimTabBarItem.m */ = {isa = PBXFileReference; fileEncoding = 4; lastKnownFileType = sourcecode.c.objc; path = UCTAnimTabBarItem.m; sourceTree = "<group>"; };
		55F8C15B1D9E5EF3008149DD /* UCTHomeTabBarItem.h */ = {isa = PBXFileReference; fileEncoding = 4; lastKnownFileType = sourcecode.c.h; path = UCTHomeTabBarItem.h; sourceTree = "<group>"; };
		55F8C15C1D9E5EF3008149DD /* UCTHomeTabBarItem.m */ = {isa = PBXFileReference; fileEncoding = 4; lastKnownFileType = sourcecode.c.objc; path = UCTHomeTabBarItem.m; sourceTree = "<group>"; };
		55F9C8121D928D5D0057D39A /* ZYHPageCollectionViewController.h */ = {isa = PBXFileReference; fileEncoding = 4; lastKnownFileType = sourcecode.c.h; path = ZYHPageCollectionViewController.h; sourceTree = "<group>"; };
		55F9C8131D928D5D0057D39A /* ZYHPageCollectionViewController.m */ = {isa = PBXFileReference; fileEncoding = 4; lastKnownFileType = sourcecode.c.objc; path = ZYHPageCollectionViewController.m; sourceTree = "<group>"; };
/* End PBXFileReference section */

/* Begin PBXFrameworksBuildPhase section */
		484A90371D86FBA7002E36B4 /* Frameworks */ = {
			isa = PBXFrameworksBuildPhase;
			buildActionMask = 2147483647;
			files = (
				D57CAC2C99260564CE18C161 /* libPods-UCToutiaoClone.a in Frameworks */,
			);
			runOnlyForDeploymentPostprocessing = 0;
		};
		484A90501D86FBA7002E36B4 /* Frameworks */ = {
			isa = PBXFrameworksBuildPhase;
			buildActionMask = 2147483647;
			files = (
			);
			runOnlyForDeploymentPostprocessing = 0;
		};
/* End PBXFrameworksBuildPhase section */

/* Begin PBXGroup section */
		4814C67F1D885ECE00B8A9DB /* Network */ = {
			isa = PBXGroup;
			children = (
				4814C6801D885EE300B8A9DB /* Service */,
				4814C6811D885F1500B8A9DB /* UCTNetwork.h */,
				4814C6821D885F1500B8A9DB /* UCTNetwork.m */,
				558D16FB1D892CE3008FC971 /* UCTNetworkManager.h */,
				558D16FC1D892CE3008FC971 /* UCTNetworkManager.m */,
				4846E2E31D8D791C000B746E /* NetworkManager.h */,
				4846E2E41D8D791C000B746E /* NetworkManager.m */,
			);
			path = Network;
			sourceTree = "<group>";
		};
		4814C6801D885EE300B8A9DB /* Service */ = {
			isa = PBXGroup;
			children = (
				483F93021D8994EE00F978DC /* NewsService.h */,
				483F93031D8994EE00F978DC /* NewsService.m */,
			);
			path = Service;
			sourceTree = "<group>";
		};
		484A90311D86FBA7002E36B4 = {
			isa = PBXGroup;
			children = (
				484A903C1D86FBA7002E36B4 /* UCToutiaoClone */,
				484A90561D86FBA7002E36B4 /* UCToutiaoCloneTests */,
				484A903B1D86FBA7002E36B4 /* Products */,
				A84CEA446997E84AB91439B3 /* Pods */,
				B2F4123EAAC1A5788CE6C6DD /* Frameworks */,
			);
			sourceTree = "<group>";
		};
		484A903B1D86FBA7002E36B4 /* Products */ = {
			isa = PBXGroup;
			children = (
				484A903A1D86FBA7002E36B4 /* UCToutiaoClone.app */,
				484A90531D86FBA7002E36B4 /* UCToutiaoCloneTests.xctest */,
			);
			name = Products;
			sourceTree = "<group>";
		};
		484A903C1D86FBA7002E36B4 /* UCToutiaoClone */ = {
			isa = PBXGroup;
			children = (
				554B63D41D8E75C9003C3797 /* Resource */,
				484A90621D86FF5A002E36B4 /* Controller */,
				484A90691D870024002E36B4 /* View */,
				558D17051D89514A008FC971 /* Model */,
				4814C67F1D885ECE00B8A9DB /* Network */,
				558D17011D894DB4008FC971 /* Utils */,
				484A90401D86FBA7002E36B4 /* AppDelegate.h */,
				484A90411D86FBA7002E36B4 /* AppDelegate.m */,
				484A90431D86FBA7002E36B4 /* ViewController.h */,
				484A90441D86FBA7002E36B4 /* ViewController.m */,
				484A90461D86FBA7002E36B4 /* Main.storyboard */,
				484A90491D86FBA7002E36B4 /* Assets.xcassets */,
				484A904B1D86FBA7002E36B4 /* LaunchScreen.storyboard */,
				484A904E1D86FBA7002E36B4 /* Info.plist */,
				484A903D1D86FBA7002E36B4 /* Supporting Files */,
			);
			path = UCToutiaoClone;
			sourceTree = "<group>";
		};
		484A903D1D86FBA7002E36B4 /* Supporting Files */ = {
			isa = PBXGroup;
			children = (
				484A903E1D86FBA7002E36B4 /* main.m */,
			);
			name = "Supporting Files";
			sourceTree = "<group>";
		};
		484A90561D86FBA7002E36B4 /* UCToutiaoCloneTests */ = {
			isa = PBXGroup;
			children = (
				484A90571D86FBA7002E36B4 /* UCToutiaoCloneTests.m */,
				484A90591D86FBA7002E36B4 /* Info.plist */,
			);
			path = UCToutiaoCloneTests;
			sourceTree = "<group>";
		};
		484A90621D86FF5A002E36B4 /* Controller */ = {
			isa = PBXGroup;
			children = (
				48B420171DA8CBC800FD13CF /* TabBar */,
				552887961D87FD750035B4A8 /* Home */,
			);
			path = Controller;
			sourceTree = "<group>";
		};
		484A90691D870024002E36B4 /* View */ = {
			isa = PBXGroup;
			children = (
				55F8C1571D9E5E81008149DD /* TabBar */,
				552887901D87FCBD0035B4A8 /* Home */,
			);
			path = View;
			sourceTree = "<group>";
		};
		48B420171DA8CBC800FD13CF /* TabBar */ = {
			isa = PBXGroup;
			children = (
				48B420181DA8CC2500FD13CF /* UCTTabBarController.h */,
				48B420191DA8CC2500FD13CF /* UCTTabBarController.m */,
			);
			path = TabBar;
			sourceTree = "<group>";
		};
		552887901D87FCBD0035B4A8 /* Home */ = {
			isa = PBXGroup;
			children = (
				552887911D87FCBD0035B4A8 /* CollectionViewCell */,
				552887921D87FCBD0035B4A8 /* TableViewCell */,
				5538EA181D9D127200717199 /* WeatherAnimatedView */,
				552887931D87FCBD0035B4A8 /* ZYNavChannelView.h */,
				552887941D87FCBD0035B4A8 /* ZYNavChannelView.m */,
				55B873951D938F2F0041EE34 /* UCTHomeSearchBar.h */,
				55B873961D938F2F0041EE34 /* UCTHomeSearchBar.m */,
				55B873981D9390010041EE34 /* UCTHomeSearchRefreshView.h */,
				55B873991D9390010041EE34 /* UCTHomeSearchRefreshView.m */,
				55967F241D9922DB0034E1D8 /* UCTClipAnimatedView.h */,
				55967F251D9922DB0034E1D8 /* UCTClipAnimatedView.m */,
				55F8C1541D9E3FDB008149DD /* UCTOPMarkView.h */,
				55F8C1551D9E3FDB008149DD /* UCTOPMarkView.m */,
			);
			path = Home;
			sourceTree = "<group>";
		};
		552887911D87FCBD0035B4A8 /* CollectionViewCell */ = {
			isa = PBXGroup;
			children = (
				553A45861D93844E0058FCDD /* SingleImgNewsCollectionViewCell.h */,
				553A45871D93844E0058FCDD /* SingleImgNewsCollectionViewCell.m */,
				553A45881D93844E0058FCDD /* SingleTitleNewsCollectionViewCell.h */,
				553A45891D93844E0058FCDD /* SingleTitleNewsCollectionViewCell.m */,
				553A458A1D93844E0058FCDD /* SpecialNewsCollectionViewCell.h */,
				553A458B1D93844E0058FCDD /* SpecialNewsCollectionViewCell.m */,
				553A458C1D93844E0058FCDD /* ThreeImgNewsCollectionViewCell.h */,
				553A458D1D93844E0058FCDD /* ThreeImgNewsCollectionViewCell.m */,
				553A458E1D93844E0058FCDD /* UCTNewsCollectionViewCell.h */,
				553A458F1D93844E0058FCDD /* UCTNewsCollectionViewCell.m */,
				4814C67C1D884DE100B8A9DB /* ZYHChannelItemCell.h */,
				4814C67D1D884DE100B8A9DB /* ZYHChannelItemCell.m */,
				558D16FE1D894CBC008FC971 /* UCTCollectionViewCell.h */,
				558D16FF1D894CBC008FC971 /* UCTCollectionViewCell.m */,
			);
			path = CollectionViewCell;
			sourceTree = "<group>";
		};
		552887921D87FCBD0035B4A8 /* TableViewCell */ = {
			isa = PBXGroup;
			children = (
				55B83A4A1D8FCFCD00626DFF /* UCTTableViewCell.h */,
				55B83A4B1D8FCFCD00626DFF /* UCTTableViewCell.m */,
			);
			path = TableViewCell;
			sourceTree = "<group>";
		};
		552887961D87FD750035B4A8 /* Home */ = {
			isa = PBXGroup;
			children = (
				552887971D87FD750035B4A8 /* MainHomeController.h */,
				552887981D87FD750035B4A8 /* MainHomeController.m */,
				552887991D87FD750035B4A8 /* ZYHPageTableViewController.h */,
				5528879A1D87FD750035B4A8 /* ZYHPageTableViewController.m */,
				55F9C8121D928D5D0057D39A /* ZYHPageCollectionViewController.h */,
				55F9C8131D928D5D0057D39A /* ZYHPageCollectionViewController.m */,
			);
			path = Home;
			sourceTree = "<group>";
		};
		5538EA181D9D127200717199 /* WeatherAnimatedView */ = {
			isa = PBXGroup;
			children = (
				5538EA191D9D128D00717199 /* UCTWeatherAnimatedView.h */,
				5538EA1A1D9D128D00717199 /* UCTWeatherAnimatedView.m */,
			);
			path = WeatherAnimatedView;
			sourceTree = "<group>";
		};
		554B63D41D8E75C9003C3797 /* Resource */ = {
			isa = PBXGroup;
			children = (
				554B63DB1D8E8354003C3797 /* channelPagePlaceholder@2x.png */,
			);
			path = Resource;
			sourceTree = "<group>";
		};
		558D17011D894DB4008FC971 /* Utils */ = {
			isa = PBXGroup;
			children = (
				48B4201B1DA8DE6900FD13CF /* UIView+Utils.h */,
				48B4201C1DA8DE6900FD13CF /* UIView+Utils.m */,
				484C3A681D92D2DC000D9161 /* ZYHArticleDateFormatter.h */,
				484C3A691D92D2DC000D9161 /* ZYHArticleDateFormatter.m */,
				558D17021D894DF2008FC971 /* UIColor+hexColor.h */,
				558D17031D894DF2008FC971 /* UIColor+hexColor.m */,
				55B8739B1D93DD250041EE34 /* UICollectionView+Bounds.h */,
				55B8739C1D93DD250041EE34 /* UICollectionView+Bounds.m */,
			);
			path = Utils;
			sourceTree = "<group>";
		};
		558D17051D89514A008FC971 /* Model */ = {
			isa = PBXGroup;
			children = (
				558D17061D89514A008FC971 /* Home */,
			);
			path = Model;
			sourceTree = "<group>";
		};
		558D17061D89514A008FC971 /* Home */ = {
			isa = PBXGroup;
			children = (
				558D17071D895170008FC971 /* ZYHChannelModel.h */,
				558D17081D895170008FC971 /* ZYHChannelModel.m */,
				554B63DD1D8EA1D2003C3797 /* ZYHArticleModel.h */,
				554B63DE1D8EA1D2003C3797 /* ZYHArticleModel.m */,
			);
			path = Home;
			sourceTree = "<group>";
		};
		55F8C1571D9E5E81008149DD /* TabBar */ = {
			isa = PBXGroup;
			children = (
				55F8C1581D9E5EB4008149DD /* UCTAnimTabBarItem.h */,
				55F8C1591D9E5EB4008149DD /* UCTAnimTabBarItem.m */,
				55F8C15B1D9E5EF3008149DD /* UCTHomeTabBarItem.h */,
				55F8C15C1D9E5EF3008149DD /* UCTHomeTabBarItem.m */,
				486D48841DAA4D6300B516E0 /* UCTSubscribeTabBarItem.h */,
				486D48851DAA4D6300B516E0 /* UCTSubscribeTabBarItem.m */,
			);
			path = TabBar;
			sourceTree = "<group>";
		};
		A84CEA446997E84AB91439B3 /* Pods */ = {
			isa = PBXGroup;
			children = (
				3CFF16036A680DB793518E26 /* Pods-UCToutiaoClone.debug.xcconfig */,
				52AC275F93386EC1FB9AFE09 /* Pods-UCToutiaoClone.release.xcconfig */,
			);
			name = Pods;
			sourceTree = "<group>";
		};
		B2F4123EAAC1A5788CE6C6DD /* Frameworks */ = {
			isa = PBXGroup;
			children = (
				3BBB290D771C115EB6F6F387 /* libPods-UCToutiaoClone.a */,
			);
			name = Frameworks;
			sourceTree = "<group>";
		};
/* End PBXGroup section */

/* Begin PBXNativeTarget section */
		484A90391D86FBA7002E36B4 /* UCToutiaoClone */ = {
			isa = PBXNativeTarget;
			buildConfigurationList = 484A905C1D86FBA7002E36B4 /* Build configuration list for PBXNativeTarget "UCToutiaoClone" */;
			buildPhases = (
				755EEAF93E21ACCB3445B527 /* [CP] Check Pods Manifest.lock */,
				484A90361D86FBA7002E36B4 /* Sources */,
				484A90371D86FBA7002E36B4 /* Frameworks */,
				484A90381D86FBA7002E36B4 /* Resources */,
				851AAC2F324EAB6876D621E4 /* [CP] Embed Pods Frameworks */,
				2AB55A6222B7FC8C1D9A70BD /* [CP] Copy Pods Resources */,
				411782B6A30957AE0EE0726A /* Embed Pods Frameworks */,
			);
			buildRules = (
			);
			dependencies = (
			);
			name = UCToutiaoClone;
			productName = UCToutiaoClone;
			productReference = 484A903A1D86FBA7002E36B4 /* UCToutiaoClone.app */;
			productType = "com.apple.product-type.application";
		};
		484A90521D86FBA7002E36B4 /* UCToutiaoCloneTests */ = {
			isa = PBXNativeTarget;
			buildConfigurationList = 484A905F1D86FBA7002E36B4 /* Build configuration list for PBXNativeTarget "UCToutiaoCloneTests" */;
			buildPhases = (
				484A904F1D86FBA7002E36B4 /* Sources */,
				484A90501D86FBA7002E36B4 /* Frameworks */,
				484A90511D86FBA7002E36B4 /* Resources */,
			);
			buildRules = (
			);
			dependencies = (
				484A90551D86FBA7002E36B4 /* PBXTargetDependency */,
			);
			name = UCToutiaoCloneTests;
			productName = UCToutiaoCloneTests;
			productReference = 484A90531D86FBA7002E36B4 /* UCToutiaoCloneTests.xctest */;
			productType = "com.apple.product-type.bundle.unit-test";
		};
/* End PBXNativeTarget section */

/* Begin PBXProject section */
		484A90321D86FBA7002E36B4 /* Project object */ = {
			isa = PBXProject;
			attributes = {
				LastUpgradeCheck = 0730;
				ORGANIZATIONNAME = lzy;
				TargetAttributes = {
					484A90391D86FBA7002E36B4 = {
						CreatedOnToolsVersion = 7.3.1;
						DevelopmentTeam = 82KQAUTE69;
					};
					484A90521D86FBA7002E36B4 = {
						CreatedOnToolsVersion = 7.3.1;
						DevelopmentTeam = H3UP79P5WR;
						TestTargetID = 484A90391D86FBA7002E36B4;
					};
				};
			};
			buildConfigurationList = 484A90351D86FBA7002E36B4 /* Build configuration list for PBXProject "UCToutiaoClone" */;
			compatibilityVersion = "Xcode 3.2";
			developmentRegion = English;
			hasScannedForEncodings = 0;
			knownRegions = (
				en,
				Base,
			);
			mainGroup = 484A90311D86FBA7002E36B4;
			productRefGroup = 484A903B1D86FBA7002E36B4 /* Products */;
			projectDirPath = "";
			projectRoot = "";
			targets = (
				484A90391D86FBA7002E36B4 /* UCToutiaoClone */,
				484A90521D86FBA7002E36B4 /* UCToutiaoCloneTests */,
			);
		};
/* End PBXProject section */

/* Begin PBXResourcesBuildPhase section */
		484A90381D86FBA7002E36B4 /* Resources */ = {
			isa = PBXResourcesBuildPhase;
			buildActionMask = 2147483647;
			files = (
				484A904D1D86FBA7002E36B4 /* LaunchScreen.storyboard in Resources */,
				484A904A1D86FBA7002E36B4 /* Assets.xcassets in Resources */,
				484A90481D86FBA7002E36B4 /* Main.storyboard in Resources */,
				554B63DC1D8E8354003C3797 /* channelPagePlaceholder@2x.png in Resources */,
			);
			runOnlyForDeploymentPostprocessing = 0;
		};
		484A90511D86FBA7002E36B4 /* Resources */ = {
			isa = PBXResourcesBuildPhase;
			buildActionMask = 2147483647;
			files = (
			);
			runOnlyForDeploymentPostprocessing = 0;
		};
/* End PBXResourcesBuildPhase section */

/* Begin PBXShellScriptBuildPhase section */
		2AB55A6222B7FC8C1D9A70BD /* [CP] Copy Pods Resources */ = {
			isa = PBXShellScriptBuildPhase;
			buildActionMask = 2147483647;
			files = (
			);
			inputPaths = (
			);
			name = "[CP] Copy Pods Resources";
			outputPaths = (
			);
			runOnlyForDeploymentPostprocessing = 0;
			shellPath = /bin/sh;
			shellScript = "\"${SRCROOT}/Pods/Target Support Files/Pods-UCToutiaoClone/Pods-UCToutiaoClone-resources.sh\"\n";
			showEnvVarsInLog = 0;
		};
		411782B6A30957AE0EE0726A /* Embed Pods Frameworks */ = {
			isa = PBXShellScriptBuildPhase;
			buildActionMask = 2147483647;
			files = (
			);
			inputPaths = (
			);
			name = "Embed Pods Frameworks";
			outputPaths = (
			);
			runOnlyForDeploymentPostprocessing = 0;
			shellPath = /bin/sh;
			shellScript = "\"${SRCROOT}/Pods/Target Support Files/Pods-UCToutiaoClone/Pods-UCToutiaoClone-frameworks.sh\"\n";
			showEnvVarsInLog = 0;
		};
		755EEAF93E21ACCB3445B527 /* [CP] Check Pods Manifest.lock */ = {
			isa = PBXShellScriptBuildPhase;
			buildActionMask = 2147483647;
			files = (
			);
			inputPaths = (
			);
			name = "[CP] Check Pods Manifest.lock";
			outputPaths = (
			);
			runOnlyForDeploymentPostprocessing = 0;
			shellPath = /bin/sh;
			shellScript = "diff \"${PODS_ROOT}/../Podfile.lock\" \"${PODS_ROOT}/Manifest.lock\" > /dev/null\nif [[ $? != 0 ]] ; then\n    cat << EOM\nerror: The sandbox is not in sync with the Podfile.lock. Run 'pod install' or update your CocoaPods installation.\nEOM\n    exit 1\nfi\n";
			showEnvVarsInLog = 0;
		};
		851AAC2F324EAB6876D621E4 /* [CP] Embed Pods Frameworks */ = {
			isa = PBXShellScriptBuildPhase;
			buildActionMask = 2147483647;
			files = (
			);
			inputPaths = (
			);
			name = "[CP] Embed Pods Frameworks";
			outputPaths = (
			);
			runOnlyForDeploymentPostprocessing = 0;
			shellPath = /bin/sh;
			shellScript = "\"${SRCROOT}/Pods/Target Support Files/Pods-UCToutiaoClone/Pods-UCToutiaoClone-frameworks.sh\"\n";
			showEnvVarsInLog = 0;
		};
/* End PBXShellScriptBuildPhase section */

/* Begin PBXSourcesBuildPhase section */
		484A90361D86FBA7002E36B4 /* Sources */ = {
			isa = PBXSourcesBuildPhase;
			buildActionMask = 2147483647;
			files = (
				4846E2E51D8D791C000B746E /* NetworkManager.m in Sources */,
				5538EA1B1D9D128D00717199 /* UCTWeatherAnimatedView.m in Sources */,
				558D17001D894CBC008FC971 /* UCTCollectionViewCell.m in Sources */,
				553A45901D93844E0058FCDD /* SingleImgNewsCollectionViewCell.m in Sources */,
				486D48861DAA4D6300B516E0 /* UCTSubscribeTabBarItem.m in Sources */,
				4814C67E1D884DE100B8A9DB /* ZYHChannelItemCell.m in Sources */,
				553A45931D93844E0058FCDD /* ThreeImgNewsCollectionViewCell.m in Sources */,
				484A90451D86FBA7002E36B4 /* ViewController.m in Sources */,
				558D16FD1D892CE3008FC971 /* UCTNetworkManager.m in Sources */,
				55F8C1561D9E3FDB008149DD /* UCTOPMarkView.m in Sources */,
				552887951D87FCBD0035B4A8 /* ZYNavChannelView.m in Sources */,
				55B8739A1D9390010041EE34 /* UCTHomeSearchRefreshView.m in Sources */,
				55B8739D1D93DD250041EE34 /* UICollectionView+Bounds.m in Sources */,
				48B4201A1DA8CC2500FD13CF /* UCTTabBarController.m in Sources */,
				554B63DF1D8EA1D2003C3797 /* ZYHArticleModel.m in Sources */,
				558D17041D894DF2008FC971 /* UIColor+hexColor.m in Sources */,
				484C3A6A1D92D2DC000D9161 /* ZYHArticleDateFormatter.m in Sources */,
				55B83A4C1D8FCFCD00626DFF /* UCTTableViewCell.m in Sources */,
				5528879C1D87FD750035B4A8 /* ZYHPageTableViewController.m in Sources */,
				484A90421D86FBA7002E36B4 /* AppDelegate.m in Sources */,
				55F8C15A1D9E5EB4008149DD /* UCTAnimTabBarItem.m in Sources */,
				553A45921D93844E0058FCDD /* SpecialNewsCollectionViewCell.m in Sources */,
				55F8C15D1D9E5EF3008149DD /* UCTHomeTabBarItem.m in Sources */,
				483F93041D8994EE00F978DC /* NewsService.m in Sources */,
				553A45911D93844E0058FCDD /* SingleTitleNewsCollectionViewCell.m in Sources */,
				4814C6831D885F1500B8A9DB /* UCTNetwork.m in Sources */,
				553A45941D93844E0058FCDD /* UCTNewsCollectionViewCell.m in Sources */,
				55967F261D9922DB0034E1D8 /* UCTClipAnimatedView.m in Sources */,
				48B4201D1DA8DE6900FD13CF /* UIView+Utils.m in Sources */,
				558D17091D895170008FC971 /* ZYHChannelModel.m in Sources */,
				55F9C8141D928D5D0057D39A /* ZYHPageCollectionViewController.m in Sources */,
				55B873971D938F2F0041EE34 /* UCTHomeSearchBar.m in Sources */,
				5528879B1D87FD750035B4A8 /* MainHomeController.m in Sources */,
				484A903F1D86FBA7002E36B4 /* main.m in Sources */,
			);
			runOnlyForDeploymentPostprocessing = 0;
		};
		484A904F1D86FBA7002E36B4 /* Sources */ = {
			isa = PBXSourcesBuildPhase;
			buildActionMask = 2147483647;
			files = (
				484A90581D86FBA7002E36B4 /* UCToutiaoCloneTests.m in Sources */,
			);
			runOnlyForDeploymentPostprocessing = 0;
		};
/* End PBXSourcesBuildPhase section */

/* Begin PBXTargetDependency section */
		484A90551D86FBA7002E36B4 /* PBXTargetDependency */ = {
			isa = PBXTargetDependency;
			target = 484A90391D86FBA7002E36B4 /* UCToutiaoClone */;
			targetProxy = 484A90541D86FBA7002E36B4 /* PBXContainerItemProxy */;
		};
/* End PBXTargetDependency section */

/* Begin PBXVariantGroup section */
		484A90461D86FBA7002E36B4 /* Main.storyboard */ = {
			isa = PBXVariantGroup;
			children = (
				484A90471D86FBA7002E36B4 /* Base */,
			);
			name = Main.storyboard;
			sourceTree = "<group>";
		};
		484A904B1D86FBA7002E36B4 /* LaunchScreen.storyboard */ = {
			isa = PBXVariantGroup;
			children = (
				484A904C1D86FBA7002E36B4 /* Base */,
			);
			name = LaunchScreen.storyboard;
			sourceTree = "<group>";
		};
/* End PBXVariantGroup section */

/* Begin XCBuildConfiguration section */
		484A905A1D86FBA7002E36B4 /* Debug */ = {
			isa = XCBuildConfiguration;
			buildSettings = {
				ALWAYS_SEARCH_USER_PATHS = NO;
				CLANG_ANALYZER_NONNULL = YES;
				CLANG_CXX_LANGUAGE_STANDARD = "gnu++0x";
				CLANG_CXX_LIBRARY = "libc++";
				CLANG_ENABLE_MODULES = YES;
				CLANG_ENABLE_OBJC_ARC = YES;
				CLANG_WARN_BOOL_CONVERSION = YES;
				CLANG_WARN_CONSTANT_CONVERSION = YES;
				CLANG_WARN_DIRECT_OBJC_ISA_USAGE = YES_ERROR;
				CLANG_WARN_EMPTY_BODY = YES;
				CLANG_WARN_ENUM_CONVERSION = YES;
				CLANG_WARN_INT_CONVERSION = YES;
				CLANG_WARN_OBJC_ROOT_CLASS = YES_ERROR;
				CLANG_WARN_UNREACHABLE_CODE = YES;
				CLANG_WARN__DUPLICATE_METHOD_MATCH = YES;
				CODE_SIGN_IDENTITY = "iPhone Developer: zhiyi liu (RR6K7Q4JYR)";
				"CODE_SIGN_IDENTITY[sdk=iphoneos*]" = "iPhone Developer: zhiyi liu (RR6K7Q4JYR)";
				COPY_PHASE_STRIP = NO;
				DEBUG_INFORMATION_FORMAT = dwarf;
				ENABLE_STRICT_OBJC_MSGSEND = YES;
				ENABLE_TESTABILITY = YES;
				GCC_C_LANGUAGE_STANDARD = gnu99;
				GCC_DYNAMIC_NO_PIC = NO;
				GCC_NO_COMMON_BLOCKS = YES;
				GCC_OPTIMIZATION_LEVEL = 0;
				GCC_PREPROCESSOR_DEFINITIONS = (
					"DEBUG=1",
					"$(inherited)",
				);
				GCC_WARN_64_TO_32_BIT_CONVERSION = YES;
				GCC_WARN_ABOUT_RETURN_TYPE = YES_ERROR;
				GCC_WARN_UNDECLARED_SELECTOR = YES;
				GCC_WARN_UNINITIALIZED_AUTOS = YES_AGGRESSIVE;
				GCC_WARN_UNUSED_FUNCTION = YES;
				GCC_WARN_UNUSED_VARIABLE = YES;
				IPHONEOS_DEPLOYMENT_TARGET = 9.3;
				MTL_ENABLE_DEBUG_INFO = YES;
				ONLY_ACTIVE_ARCH = YES;
				PROVISIONING_PROFILE = "26a303e3-4b4b-4b59-8ed0-6b986408986d";
				SDKROOT = iphoneos;
			};
			name = Debug;
		};
		484A905B1D86FBA7002E36B4 /* Release */ = {
			isa = XCBuildConfiguration;
			buildSettings = {
				ALWAYS_SEARCH_USER_PATHS = NO;
				CLANG_ANALYZER_NONNULL = YES;
				CLANG_CXX_LANGUAGE_STANDARD = "gnu++0x";
				CLANG_CXX_LIBRARY = "libc++";
				CLANG_ENABLE_MODULES = YES;
				CLANG_ENABLE_OBJC_ARC = YES;
				CLANG_WARN_BOOL_CONVERSION = YES;
				CLANG_WARN_CONSTANT_CONVERSION = YES;
				CLANG_WARN_DIRECT_OBJC_ISA_USAGE = YES_ERROR;
				CLANG_WARN_EMPTY_BODY = YES;
				CLANG_WARN_ENUM_CONVERSION = YES;
				CLANG_WARN_INT_CONVERSION = YES;
				CLANG_WARN_OBJC_ROOT_CLASS = YES_ERROR;
				CLANG_WARN_UNREACHABLE_CODE = YES;
				CLANG_WARN__DUPLICATE_METHOD_MATCH = YES;
				CODE_SIGN_IDENTITY = "iPhone Developer: zhiyi liu (RR6K7Q4JYR)";
				"CODE_SIGN_IDENTITY[sdk=iphoneos*]" = "iPhone Developer: zhiyi liu (RR6K7Q4JYR)";
				COPY_PHASE_STRIP = NO;
				DEBUG_INFORMATION_FORMAT = "dwarf-with-dsym";
				ENABLE_NS_ASSERTIONS = NO;
				ENABLE_STRICT_OBJC_MSGSEND = YES;
				GCC_C_LANGUAGE_STANDARD = gnu99;
				GCC_NO_COMMON_BLOCKS = YES;
				GCC_WARN_64_TO_32_BIT_CONVERSION = YES;
				GCC_WARN_ABOUT_RETURN_TYPE = YES_ERROR;
				GCC_WARN_UNDECLARED_SELECTOR = YES;
				GCC_WARN_UNINITIALIZED_AUTOS = YES_AGGRESSIVE;
				GCC_WARN_UNUSED_FUNCTION = YES;
				GCC_WARN_UNUSED_VARIABLE = YES;
				IPHONEOS_DEPLOYMENT_TARGET = 9.3;
				MTL_ENABLE_DEBUG_INFO = NO;
				PROVISIONING_PROFILE = "26a303e3-4b4b-4b59-8ed0-6b986408986d";
				SDKROOT = iphoneos;
				VALIDATE_PRODUCT = YES;
			};
			name = Release;
		};
		484A905D1D86FBA7002E36B4 /* Debug */ = {
			isa = XCBuildConfiguration;
			baseConfigurationReference = 3CFF16036A680DB793518E26 /* Pods-UCToutiaoClone.debug.xcconfig */;
			buildSettings = {
				ALWAYS_SEARCH_USER_PATHS = YES;
				ASSETCATALOG_COMPILER_APPICON_NAME = AppIcon;
				CODE_SIGN_IDENTITY = "iPhone Developer";
				"CODE_SIGN_IDENTITY[sdk=iphoneos*]" = "iPhone Developer";
				FRAMEWORK_SEARCH_PATHS = "$(PROJECT_DIR)";
				INFOPLIST_FILE = UCToutiaoClone/Info.plist;
				IPHONEOS_DEPLOYMENT_TARGET = 7.1;
				LD_RUNPATH_SEARCH_PATHS = "$(inherited) @executable_path/Frameworks";
				LIBRARY_SEARCH_PATHS = "$(inherited)";
				PRODUCT_BUNDLE_IDENTIFIER = com.lzy.UCToutiaoClone;
				PRODUCT_NAME = "$(TARGET_NAME)";
				PROVISIONING_PROFILE = "";
			};
			name = Debug;
		};
		484A905E1D86FBA7002E36B4 /* Release */ = {
			isa = XCBuildConfiguration;
			baseConfigurationReference = 52AC275F93386EC1FB9AFE09 /* Pods-UCToutiaoClone.release.xcconfig */;
			buildSettings = {
				ALWAYS_SEARCH_USER_PATHS = YES;
				ASSETCATALOG_COMPILER_APPICON_NAME = AppIcon;
				CODE_SIGN_IDENTITY = "iPhone Developer";
				"CODE_SIGN_IDENTITY[sdk=iphoneos*]" = "iPhone Developer";
				FRAMEWORK_SEARCH_PATHS = "$(PROJECT_DIR)";
				INFOPLIST_FILE = UCToutiaoClone/Info.plist;
				IPHONEOS_DEPLOYMENT_TARGET = 7.1;
				LD_RUNPATH_SEARCH_PATHS = "$(inherited) @executable_path/Frameworks";
				LIBRARY_SEARCH_PATHS = "$(inherited)";
				PRODUCT_BUNDLE_IDENTIFIER = com.lzy.UCToutiaoClone;
				PRODUCT_NAME = "$(TARGET_NAME)";
				PROVISIONING_PROFILE = "";
			};
			name = Release;
		};
		484A90601D86FBA7002E36B4 /* Debug */ = {
			isa = XCBuildConfiguration;
			buildSettings = {
				BUNDLE_LOADER = "$(TEST_HOST)";
				INFOPLIST_FILE = UCToutiaoCloneTests/Info.plist;
				LD_RUNPATH_SEARCH_PATHS = "$(inherited) @executable_path/Frameworks @loader_path/Frameworks";
				PRODUCT_BUNDLE_IDENTIFIER = com.lzy.UCToutiaoCloneTests;
				PRODUCT_NAME = "$(TARGET_NAME)";
				TEST_HOST = "$(BUILT_PRODUCTS_DIR)/UCToutiaoClone.app/UCToutiaoClone";
			};
			name = Debug;
		};
		484A90611D86FBA7002E36B4 /* Release */ = {
			isa = XCBuildConfiguration;
			buildSettings = {
				BUNDLE_LOADER = "$(TEST_HOST)";
				INFOPLIST_FILE = UCToutiaoCloneTests/Info.plist;
				LD_RUNPATH_SEARCH_PATHS = "$(inherited) @executable_path/Frameworks @loader_path/Frameworks";
				PRODUCT_BUNDLE_IDENTIFIER = com.lzy.UCToutiaoCloneTests;
				PRODUCT_NAME = "$(TARGET_NAME)";
				TEST_HOST = "$(BUILT_PRODUCTS_DIR)/UCToutiaoClone.app/UCToutiaoClone";
			};
			name = Release;
		};
/* End XCBuildConfiguration section */

/* Begin XCConfigurationList section */
		484A90351D86FBA7002E36B4 /* Build configuration list for PBXProject "UCToutiaoClone" */ = {
			isa = XCConfigurationList;
			buildConfigurations = (
				484A905A1D86FBA7002E36B4 /* Debug */,
				484A905B1D86FBA7002E36B4 /* Release */,
			);
			defaultConfigurationIsVisible = 0;
			defaultConfigurationName = Release;
		};
		484A905C1D86FBA7002E36B4 /* Build configuration list for PBXNativeTarget "UCToutiaoClone" */ = {
			isa = XCConfigurationList;
			buildConfigurations = (
				484A905D1D86FBA7002E36B4 /* Debug */,
				484A905E1D86FBA7002E36B4 /* Release */,
			);
			defaultConfigurationIsVisible = 0;
			defaultConfigurationName = Release;
		};
		484A905F1D86FBA7002E36B4 /* Build configuration list for PBXNativeTarget "UCToutiaoCloneTests" */ = {
			isa = XCConfigurationList;
			buildConfigurations = (
				484A90601D86FBA7002E36B4 /* Debug */,
				484A90611D86FBA7002E36B4 /* Release */,
			);
			defaultConfigurationIsVisible = 0;
			defaultConfigurationName = Release;
		};
/* End XCConfigurationList section */
	};
	rootObject = 484A90321D86FBA7002E36B4 /* Project object */;
}
